
Microsoft Visual Studio Solution File, Format Version 12.00
# Visual Studio Version 16
VisualStudioVersion = 16.0.31321.278
MinimumVisualStudioVersion = 10.0.40219.1
Project("{FAE04EC0-301F-11D3-BF4B-00C04F79EFBC}") = "PT Bac1", "PT Bac1\PT Bac1.csproj", "{B565F58A-95CD-4D79-944A-CF1A3BAF8C2E}"
EndProject
Global
	GlobalSection(SolutionConfigurationPlatforms) = preSolution
		Debug|Any CPU = Debug|Any CPU
		Release|Any CPU = Release|Any CPU
	EndGlobalSection
	GlobalSection(ProjectConfigurationPlatforms) = postSolution
		{B565F58A-95CD-4D79-944A-CF1A3BAF8C2E}.Debug|Any CPU.ActiveCfg = Debug|Any CPU
		{B565F58A-95CD-4D79-944A-CF1A3BAF8C2E}.Debug|Any CPU.Build.0 = Debug|Any CPU
		{B565F58A-95CD-4D79-944A-CF1A3BAF8C2E}.Release|Any CPU.ActiveCfg = Release|Any CPU
		{B565F58A-95CD-4D79-944A-CF1A3BAF8C2E}.Release|Any CPU.Build.0 = Release|Any CPU
	EndGlobalSection
	GlobalSection(SolutionProperties) = preSolution
		HideSolutionNode = FALSE
	EndGlobalSection
	GlobalSection(ExtensibilityGlobals) = postSolution
		SolutionGuid = {EE6A4B51-576D-4861-826B-2B0DF812ACA1}
	EndGlobalSection
EndGlobal
